
Microsoft Visual Studio Solution File, Format Version 12.00
# Visual Studio 15
VisualStudioVersion = 15.0.28307.168
MinimumVisualStudioVersion = 10.0.40219.1
Project("{FAE04EC0-301F-11D3-BF4B-00C04F79EFBC}") = "Lesson1.2", "Lesson1.2\Lesson1.2.csproj", "{3727A3D7-C494-40C6-905B-07B0F2325176}"
EndProject
Global
	GlobalSection(SolutionConfigurationPlatforms) = preSolution
		Debug|Any CPU = Debug|Any CPU
		Release|Any CPU = Release|Any CPU
	EndGlobalSection
	GlobalSection(ProjectConfigurationPlatforms) = postSolution
		{3727A3D7-C494-40C6-905B-07B0F2325176}.Debug|Any CPU.ActiveCfg = Debug|Any CPU
		{3727A3D7-C494-40C6-905B-07B0F2325176}.Debug|Any CPU.Build.0 = Debug|Any CPU
		{3727A3D7-C494-40C6-905B-07B0F2325176}.Release|Any CPU.ActiveCfg = Release|Any CPU
		{3727A3D7-C494-40C6-905B-07B0F2325176}.Release|Any CPU.Build.0 = Release|Any CPU
	EndGlobalSection
	GlobalSection(SolutionProperties) = preSolution
		HideSolutionNode = FALSE
	EndGlobalSection
	GlobalSection(ExtensibilityGlobals) = postSolution
		SolutionGuid = {63EA4CD8-7681-4B72-874B-A326C54EB425}
	EndGlobalSection
EndGlobal
