
Microsoft Visual Studio Solution File, Format Version 12.00
# Visual Studio 15
VisualStudioVersion = 15.0.28307.168
MinimumVisualStudioVersion = 10.0.40219.1
Project("{FAE04EC0-301F-11D3-BF4B-00C04F79EFBC}") = "lesson2.2", "lesson2.2\lesson2.2.csproj", "{26688CCB-BC37-4580-8FD1-E913865C81CB}"
EndProject
Global
	GlobalSection(SolutionConfigurationPlatforms) = preSolution
		Debug|Any CPU = Debug|Any CPU
		Release|Any CPU = Release|Any CPU
	EndGlobalSection
	GlobalSection(ProjectConfigurationPlatforms) = postSolution
		{26688CCB-BC37-4580-8FD1-E913865C81CB}.Debug|Any CPU.ActiveCfg = Debug|Any CPU
		{26688CCB-BC37-4580-8FD1-E913865C81CB}.Debug|Any CPU.Build.0 = Debug|Any CPU
		{26688CCB-BC37-4580-8FD1-E913865C81CB}.Release|Any CPU.ActiveCfg = Release|Any CPU
		{26688CCB-BC37-4580-8FD1-E913865C81CB}.Release|Any CPU.Build.0 = Release|Any CPU
	EndGlobalSection
	GlobalSection(SolutionProperties) = preSolution
		HideSolutionNode = FALSE
	EndGlobalSection
	GlobalSection(ExtensibilityGlobals) = postSolution
		SolutionGuid = {046A75F0-B904-48B4-8ECE-67EA1EC0C16A}
	EndGlobalSection
EndGlobal
