
Microsoft Visual Studio Solution File, Format Version 12.00
# Visual Studio 15
VisualStudioVersion = 15.0.28307.168
MinimumVisualStudioVersion = 10.0.40219.1
Project("{FAE04EC0-301F-11D3-BF4B-00C04F79EFBC}") = "lesson1.3", "lesson1.3\lesson1.3.csproj", "{8E76A6DC-9B40-41BC-BF76-CB52DC9C5B9C}"
EndProject
Global
	GlobalSection(SolutionConfigurationPlatforms) = preSolution
		Debug|Any CPU = Debug|Any CPU
		Release|Any CPU = Release|Any CPU
	EndGlobalSection
	GlobalSection(ProjectConfigurationPlatforms) = postSolution
		{8E76A6DC-9B40-41BC-BF76-CB52DC9C5B9C}.Debug|Any CPU.ActiveCfg = Debug|Any CPU
		{8E76A6DC-9B40-41BC-BF76-CB52DC9C5B9C}.Debug|Any CPU.Build.0 = Debug|Any CPU
		{8E76A6DC-9B40-41BC-BF76-CB52DC9C5B9C}.Release|Any CPU.ActiveCfg = Release|Any CPU
		{8E76A6DC-9B40-41BC-BF76-CB52DC9C5B9C}.Release|Any CPU.Build.0 = Release|Any CPU
	EndGlobalSection
	GlobalSection(SolutionProperties) = preSolution
		HideSolutionNode = FALSE
	EndGlobalSection
	GlobalSection(ExtensibilityGlobals) = postSolution
		SolutionGuid = {538765A7-4B13-4E92-B469-C10C8535945A}
	EndGlobalSection
EndGlobal
